
Microsoft Visual Studio Solution File, Format Version 12.00
# Visual Studio Version 17
VisualStudioVersion = 17.9.34616.47
MinimumVisualStudioVersion = 10.0.40219.1
Project("{FAE04EC0-301F-11D3-BF4B-00C04F79EFBC}") = "LC3bSimulator", "LC3bSimulator\LC3bSimulator.csproj", "{073AA918-AE88-4DF5-B8D9-C699E1AEACA0}"
EndProject
Global
	GlobalSection(SolutionConfigurationPlatforms) = preSolution
		Debug|Any CPU = Debug|Any CPU
		Release|Any CPU = Release|Any CPU
	EndGlobalSection
	GlobalSection(ProjectConfigurationPlatforms) = postSolution
		{073AA918-AE88-4DF5-B8D9-C699E1AEACA0}.Debug|Any CPU.ActiveCfg = Debug|Any CPU
		{073AA918-AE88-4DF5-B8D9-C699E1AEACA0}.Debug|Any CPU.Build.0 = Debug|Any CPU
		{073AA918-AE88-4DF5-B8D9-C699E1AEACA0}.Release|Any CPU.ActiveCfg = Release|Any CPU
		{073AA918-AE88-4DF5-B8D9-C699E1AEACA0}.Release|Any CPU.Build.0 = Release|Any CPU
	EndGlobalSection
	GlobalSection(SolutionProperties) = preSolution
		HideSolutionNode = FALSE
	EndGlobalSection
	GlobalSection(ExtensibilityGlobals) = postSolution
		SolutionGuid = {2889F2EF-B4B2-46FE-A516-0A7BFB4755F7}
	EndGlobalSection
EndGlobal
